github.com/mattn/go-sqlite3 v1.14.10 h1:MLn+5bFRlWMGoSRmJour3CL1w/qL96mvipqpwQW/Sfk=
github.com/mattn/go-sqlite3 v1.14.10/go.mod h1:NyWgC/yNuGj7Q9rpYnZvas74GogHl5/Z4A/KQRfk6bU=
golang.org/x/crypto v0.28.0 h1:GBDwsMXVQi34v5CCYUm2jkJvu4cbtru2U4TN2PSyQnw=
golang.org/x/crypto v0.28.0/go.mod h1:rmgy+3RHxRZMyY0jjAJShp2zgEdOqj2AO7U0pYmeQ7U=
golang.org/x/mod v0.21.0 h1:vvrHzRwRfVKSiLrG+d4FMl/Qi4ukBCE6kZlTUkDYRT0=
golang.org/x/mod v0.21.0/go.mod h1:6SkKJ3Xj0I0BrPOZoBy3bdMptDDU9oJrpohJ3eWZ1fY=
golang.org/x/net v0.30.0 h1:AcW1SDZMkb8IpzCdQUaIq2sP4sZ4zw+55h6ynffypl4=
golang.org/x/net v0.30.0/go.mod h1:2wGyMJ5iFasEhkwi13ChkO/t1ECNC4X4eBKkVFyYFlU=
golang.org/x/sync v0.8.0 h1:3NFvSEYkUoMifnESzZl15y791HH1qU2xm6eCJU5ZPXQ=
golang.org/x/sync v0.8.0/go.mod h1:Czt+wKu1gCyEFDUtn0jG5QVvpJ6rzVqr5aXyt9drQfk=
golang.org/x/text v0.19.0 h1:kTxAhCbGbxhK0IwgSKiMO5awPoDQ0RpfiVYBfK860YM=
golang.org/x/text v0.19.0/go.mod h1:BuEKDfySbSR4drPmRPG/7iBdf8hvFMuRexcpahXilzY=
software.sslmate.com/src/certspotter v0.0.0-20241016122322-0ba0a1fef06b h1:WevJfKlr4ppWMbGVgEfk46uPk3K9HmUhxitQLMkIqtc=
software.sslmate.com/src/certspotter v0.0.0-20241016122322-0ba0a1fef06b/go.mod h1:DzYjQhh0FzHjre7qCgEWcZ/Qm6UioKZyWVlUjxZzStg=
src.agwa.name/go-dbutil v0.7.1 h1:LYkiDT8yk56PjeKQNymOyIlqEOw/V9qIktiYRC2gXfg=
src.agwa.name/go-dbutil v0.7.1/go.mod h1:iOR0cJz/xOpAetjaSUCCnG/HUe4HJN9WAXMg+7aW844=
src.agwa.name/go-listener v0.6.1 h1:L4A6jFsaI+Nevt/XpJTTxYvbo95qLzuavfXe1A3oB4A=
src.agwa.name/go-listener v0.6.1/go.mod h1:vM7zjlskRnSbxbS8QTWYQIOfuKsn8SdJQH28RtouDTI=
