github.com/mattn/go-sqlite3 v1.14.10 h1:MLn+5bFRlWMGoSRmJour3CL1w/qL96mvipqpwQW/Sfk=
github.com/mattn/go-sqlite3 v1.14.10/go.mod h1:NyWgC/yNuGj7Q9rpYnZvas74GogHl5/Z4A/KQRfk6bU=
golang.org/x/crypto v0.24.0 h1:mnl8DM0o513X8fdIkmyFE/5hTYxbwYOjDS/+rK6qpRI=
golang.org/x/crypto v0.24.0/go.mod h1:Z1PMYSOR5nyMcyAVAIQSKCDwalqy85Aqn1x3Ws4L5DM=
golang.org/x/mod v0.18.0 h1:5+9lSbEzPSdWkH32vYPBwEpX8KwDbM52Ud9xBUvNlb0=
golang.org/x/mod v0.18.0/go.mod h1:hTbmBsO62+eylJbnUtE2MGJUyE7QWk4xUqPFrRgJ+7c=
golang.org/x/net v0.26.0 h1:soB7SVo0PWrY4vPW/+ay0jKDNScG2X9wFeYlXIvJsOQ=
golang.org/x/net v0.26.0/go.mod h1:5YKkiSynbBIh3p6iOc/vibscux0x38BZDkn8sCUPxHE=
golang.org/x/sync v0.7.0 h1:YsImfSBoP9QPYL0xyKJPq0gcaJdG3rInoqxTWbfQu9M=
golang.org/x/sync v0.7.0/go.mod h1:Czt+wKu1gCyEFDUtn0jG5QVvpJ6rzVqr5aXyt9drQfk=
golang.org/x/text v0.16.0 h1:a94ExnEXNtEwYLGJSIUxnWoxoRz/ZcCsV63ROupILh4=
golang.org/x/text v0.16.0/go.mod h1:GhwF1Be+LQoKShO3cGOHzqOgRrGaYc9AvblQOmPVHnI=
software.sslmate.com/src/certspotter v0.0.0-20240613183702-1b9a21baa85a h1:zFAwPauSoh8tPwq4JfM0BixtCMgnogRdxTNWi/a21Gc=
software.sslmate.com/src/certspotter v0.0.0-20240613183702-1b9a21baa85a/go.mod h1:DzYjQhh0FzHjre7qCgEWcZ/Qm6UioKZyWVlUjxZzStg=
src.agwa.name/go-dbutil v0.7.1 h1:LYkiDT8yk56PjeKQNymOyIlqEOw/V9qIktiYRC2gXfg=
src.agwa.name/go-dbutil v0.7.1/go.mod h1:iOR0cJz/xOpAetjaSUCCnG/HUe4HJN9WAXMg+7aW844=
src.agwa.name/go-listener v0.6.0 h1:z8KSkFe9uOCBDcYYWshe/bTYCU7TQLnqf+XRz+Yiwc8=
src.agwa.name/go-listener v0.6.0/go.mod h1:vM7zjlskRnSbxbS8QTWYQIOfuKsn8SdJQH28RtouDTI=
